
Microsoft Visual Studio Solution File, Format Version 12.00
# Visual Studio Version 16
VisualStudioVersion = 16.0.30611.23
MinimumVisualStudioVersion = 10.0.40219.1
Project("{FAE04EC0-301F-11D3-BF4B-00C04F79EFBC}") = "MusiCloud", "MusiCloud\MusiCloud.csproj", "{111A6A9F-E29F-4FD6-834E-F69170CE62DB}"
EndProject
Global
	GlobalSection(SolutionConfigurationPlatforms) = preSolution
		Debug|Any CPU = Debug|Any CPU
		Release|Any CPU = Release|Any CPU
	EndGlobalSection
	GlobalSection(ProjectConfigurationPlatforms) = postSolution
		{111A6A9F-E29F-4FD6-834E-F69170CE62DB}.Debug|Any CPU.ActiveCfg = Debug|Any CPU
		{111A6A9F-E29F-4FD6-834E-F69170CE62DB}.Debug|Any CPU.Build.0 = Debug|Any CPU
		{111A6A9F-E29F-4FD6-834E-F69170CE62DB}.Release|Any CPU.ActiveCfg = Release|Any CPU
		{111A6A9F-E29F-4FD6-834E-F69170CE62DB}.Release|Any CPU.Build.0 = Release|Any CPU
	EndGlobalSection
	GlobalSection(SolutionProperties) = preSolution
		HideSolutionNode = FALSE
	EndGlobalSection
	GlobalSection(ExtensibilityGlobals) = postSolution
		SolutionGuid = {0C540870-0695-42E1-A60F-B45B30838432}
	EndGlobalSection
EndGlobal
